// !$*UTF8*$!
{
	archiveVersion = 1;
	classes = {
	};
	objectVersion = 50;
	objects = {

/* Begin PBXBuildFile section */
		801C79D626DA2A0E00929876 /* AppDelegate.m in Sources */ = {isa = PBXBuildFile; fileRef = 801C79D526DA2A0E00929876 /* AppDelegate.m */; };
		801C79D926DA2A0E00929876 /* SceneDelegate.m in Sources */ = {isa = PBXBuildFile; fileRef = 801C79D826DA2A0E00929876 /* SceneDelegate.m */; };
		801C79DC26DA2A0E00929876 /* ViewController.m in Sources */ = {isa = PBXBuildFile; fileRef = 801C79DB26DA2A0E00929876 /* ViewController.m */; };
		801C79DF26DA2A0E00929876 /* Main.storyboard in Resources */ = {isa = PBXBuildFile; fileRef = 801C79DD26DA2A0E00929876 /* Main.storyboard */; };
		801C79E126DA2A0F00929876 /* Assets.xcassets in Resources */ = {isa = PBXBuildFile; fileRef = 801C79E026DA2A0F00929876 /* Assets.xcassets */; };
		801C79E426DA2A0F00929876 /* LaunchScreen.storyboard in Resources */ = {isa = PBXBuildFile; fileRef = 801C79E226DA2A0F00929876 /* LaunchScreen.storyboard */; };
		801C79E726DA2A0F00929876 /* main.m in Sources */ = {isa = PBXBuildFile; fileRef = 801C79E626DA2A0F00929876 /* main.m */; };
		801C79F226DA2A4500929876 /* BrowseImageViewController.m in Sources */ = {isa = PBXBuildFile; fileRef = 801C79EF26DA2A4500929876 /* BrowseImageViewController.m */; };
		801C79F326DA2A4500929876 /* ImagesCollectionViewCell.m in Sources */ = {isa = PBXBuildFile; fileRef = 801C79F026DA2A4500929876 /* ImagesCollectionViewCell.m */; };
		801C7AC126DA710200929876 /* SDImageHEICCoder.m in Sources */ = {isa = PBXBuildFile; fileRef = 801C79F726DA710200929876 /* SDImageHEICCoder.m */; };
		801C7AC226DA710200929876 /* NSImage+Compatibility.m in Sources */ = {isa = PBXBuildFile; fileRef = 801C79F926DA710200929876 /* NSImage+Compatibility.m */; };
		801C7AC326DA710200929876 /* SDAnimatedImageView+WebCache.m in Sources */ = {isa = PBXBuildFile; fileRef = 801C79FB26DA710200929876 /* SDAnimatedImageView+WebCache.m */; };
		801C7AC426DA710200929876 /* SDImageCoder.m in Sources */ = {isa = PBXBuildFile; fileRef = 801C79FD26DA710200929876 /* SDImageCoder.m */; };
		801C7AC526DA710200929876 /* SDWebImageOperation.m in Sources */ = {isa = PBXBuildFile; fileRef = 801C7A0026DA710200929876 /* SDWebImageOperation.m */; };
		801C7AC626DA710200929876 /* SDWebImageDownloaderDecryptor.m in Sources */ = {isa = PBXBuildFile; fileRef = 801C7A0326DA710200929876 /* SDWebImageDownloaderDecryptor.m */; };
		801C7AC726DA710200929876 /* SDWebImageManager.m in Sources */ = {isa = PBXBuildFile; fileRef = 801C7A0726DA710200929876 /* SDWebImageManager.m */; };
		801C7AC826DA710200929876 /* SDImageIOAnimatedCoder.m in Sources */ = {isa = PBXBuildFile; fileRef = 801C7A0926DA710200929876 /* SDImageIOAnimatedCoder.m */; };
		801C7AC926DA710200929876 /* UIImageView+HighlightedWebCache.m in Sources */ = {isa = PBXBuildFile; fileRef = 801C7A0B26DA710200929876 /* UIImageView+HighlightedWebCache.m */; };
		801C7ACA26DA710200929876 /* SDAnimatedImage.m in Sources */ = {isa = PBXBuildFile; fileRef = 801C7A1026DA710200929876 /* SDAnimatedImage.m */; };
		801C7ACB26DA710200929876 /* SDAnimatedImageView.m in Sources */ = {isa = PBXBuildFile; fileRef = 801C7A1126DA710200929876 /* SDAnimatedImageView.m */; };
		801C7ACC26DA710200929876 /* UIImage+ForceDecode.m in Sources */ = {isa = PBXBuildFile; fileRef = 801C7A1226DA710200929876 /* UIImage+ForceDecode.m */; };
		801C7ACD26DA710200929876 /* SDImageAWebPCoder.m in Sources */ = {isa = PBXBuildFile; fileRef = 801C7A1426DA710200929876 /* SDImageAWebPCoder.m */; };
		801C7ACE26DA710200929876 /* SDAnimatedImagePlayer.m in Sources */ = {isa = PBXBuildFile; fileRef = 801C7A1626DA710200929876 /* SDAnimatedImagePlayer.m */; };
		801C7ACF26DA710200929876 /* UIImage+Transform.m in Sources */ = {isa = PBXBuildFile; fileRef = 801C7A1726DA710200929876 /* UIImage+Transform.m */; };
		801C7AD026DA710200929876 /* SDWebImageDownloader.m in Sources */ = {isa = PBXBuildFile; fileRef = 801C7A1926DA710200929876 /* SDWebImageDownloader.m */; };
		801C7AD126DA710200929876 /* SDImageLoader.m in Sources */ = {isa = PBXBuildFile; fileRef = 801C7A1B26DA710200929876 /* SDImageLoader.m */; };
		801C7AD226DA710200929876 /* SDWebImageCacheSerializer.m in Sources */ = {isa = PBXBuildFile; fileRef = 801C7A1C26DA710200929876 /* SDWebImageCacheSerializer.m */; };
		801C7AD326DA710200929876 /* SDWebImageIndicator.m in Sources */ = {isa = PBXBuildFile; fileRef = 801C7A1D26DA710200929876 /* SDWebImageIndicator.m */; };
		801C7AD426DA710200929876 /* SDGraphicsImageRenderer.m in Sources */ = {isa = PBXBuildFile; fileRef = 801C7A1E26DA710200929876 /* SDGraphicsImageRenderer.m */; };
		801C7AD526DA710200929876 /* UIImage+GIF.m in Sources */ = {isa = PBXBuildFile; fileRef = 801C7A1F26DA710200929876 /* UIImage+GIF.m */; };
		801C7AD626DA710200929876 /* SDImageCodersManager.m in Sources */ = {isa = PBXBuildFile; fileRef = 801C7A2026DA710200929876 /* SDImageCodersManager.m */; };
		801C7AD726DA710200929876 /* UIImage+MultiFormat.m in Sources */ = {isa = PBXBuildFile; fileRef = 801C7A2326DA710200929876 /* UIImage+MultiFormat.m */; };
		801C7AD826DA710200929876 /* SDMemoryCache.m in Sources */ = {isa = PBXBuildFile; fileRef = 801C7A2426DA710200929876 /* SDMemoryCache.m */; };
		801C7AD926DA710200929876 /* SDWebImageCompat.m in Sources */ = {isa = PBXBuildFile; fileRef = 801C7A2626DA710200929876 /* SDWebImageCompat.m */; };
		801C7ADA26DA710200929876 /* SDImageAPNGCoder.m in Sources */ = {isa = PBXBuildFile; fileRef = 801C7A2726DA710200929876 /* SDImageAPNGCoder.m */; };
		801C7ADB26DA710200929876 /* SDWebImageDownloaderResponseModifier.m in Sources */ = {isa = PBXBuildFile; fileRef = 801C7A2826DA710200929876 /* SDWebImageDownloaderResponseModifier.m */; };
		801C7ADC26DA710200929876 /* SDWebImageError.m in Sources */ = {isa = PBXBuildFile; fileRef = 801C7A2926DA710200929876 /* SDWebImageError.m */; };
		801C7ADD26DA710200929876 /* SDWebImagePrefetcher.m in Sources */ = {isa = PBXBuildFile; fileRef = 801C7A2A26DA710200929876 /* SDWebImagePrefetcher.m */; };
		801C7ADE26DA710200929876 /* SDImageCoderHelper.m in Sources */ = {isa = PBXBuildFile; fileRef = 801C7A2B26DA710200929876 /* SDImageCoderHelper.m */; };
		801C7ADF26DA710200929876 /* NSButton+WebCache.m in Sources */ = {isa = PBXBuildFile; fileRef = 801C7A3026DA710200929876 /* NSButton+WebCache.m */; };
		801C7AE026DA710200929876 /* SDImageIOCoder.m in Sources */ = {isa = PBXBuildFile; fileRef = 801C7A3226DA710200929876 /* SDImageIOCoder.m */; };
		801C7AE126DA710200929876 /* SDDiskCache.m in Sources */ = {isa = PBXBuildFile; fileRef = 801C7A3426DA710200929876 /* SDDiskCache.m */; };
		801C7AE226DA710200929876 /* SDAnimatedImageRep.m in Sources */ = {isa = PBXBuildFile; fileRef = 801C7A3626DA710200929876 /* SDAnimatedImageRep.m */; };
		801C7AE326DA710200929876 /* UIImage+ExtendedCacheData.m in Sources */ = {isa = PBXBuildFile; fileRef = 801C7A3826DA710200929876 /* UIImage+ExtendedCacheData.m */; };
		801C7AE426DA710200929876 /* SDWebImageDownloaderConfig.m in Sources */ = {isa = PBXBuildFile; fileRef = 801C7A3A26DA710200929876 /* SDWebImageDownloaderConfig.m */; };
		801C7AE526DA710200929876 /* SDImageCache.m in Sources */ = {isa = PBXBuildFile; fileRef = 801C7A3C26DA710200929876 /* SDImageCache.m */; };
		801C7AE626DA710200929876 /* SDImageGIFCoder.m in Sources */ = {isa = PBXBuildFile; fileRef = 801C7A3D26DA710200929876 /* SDImageGIFCoder.m */; };
		801C7AE726DA710200929876 /* SDImageFrame.m in Sources */ = {isa = PBXBuildFile; fileRef = 801C7A3F26DA710200929876 /* SDImageFrame.m */; };
		801C7AE826DA710200929876 /* SDWebImageDownloaderOperation.m in Sources */ = {isa = PBXBuildFile; fileRef = 801C7A4026DA710200929876 /* SDWebImageDownloaderOperation.m */; };
		801C7AE926DA710200929876 /* SDImageLoadersManager.m in Sources */ = {isa = PBXBuildFile; fileRef = 801C7A4226DA710200929876 /* SDImageLoadersManager.m */; };
		801C7AEA26DA710200929876 /* SDImageCachesManager.m in Sources */ = {isa = PBXBuildFile; fileRef = 801C7A4326DA710200929876 /* SDImageCachesManager.m */; };
		801C7AEB26DA710200929876 /* SDWebImageTransition.m in Sources */ = {isa = PBXBuildFile; fileRef = 801C7A4426DA710200929876 /* SDWebImageTransition.m */; };
		801C7AEC26DA710200929876 /* SDImageTransformer.m in Sources */ = {isa = PBXBuildFile; fileRef = 801C7A4626DA710200929876 /* SDImageTransformer.m */; };
		801C7AED26DA710200929876 /* NSData+ImageContentType.m in Sources */ = {isa = PBXBuildFile; fileRef = 801C7A4726DA710200929876 /* NSData+ImageContentType.m */; };
		801C7AEE26DA710200929876 /* UIImageView+WebCache.m in Sources */ = {isa = PBXBuildFile; fileRef = 801C7A4826DA710200929876 /* UIImageView+WebCache.m */; };
		801C7AEF26DA710200929876 /* SDImageGraphics.m in Sources */ = {isa = PBXBuildFile; fileRef = 801C7A4B26DA710200929876 /* SDImageGraphics.m */; };
		801C7AF026DA710200929876 /* SDImageCacheDefine.m in Sources */ = {isa = PBXBuildFile; fileRef = 801C7A5026DA710200929876 /* SDImageCacheDefine.m */; };
		801C7AF126DA710200929876 /* UIImage+MemoryCacheCost.m in Sources */ = {isa = PBXBuildFile; fileRef = 801C7A5226DA710200929876 /* UIImage+MemoryCacheCost.m */; };
		801C7AF226DA710200929876 /* SDImageCacheConfig.m in Sources */ = {isa = PBXBuildFile; fileRef = 801C7A5526DA710200929876 /* SDImageCacheConfig.m */; };
		801C7AF326DA710200929876 /* SDWebImageCacheKeyFilter.m in Sources */ = {isa = PBXBuildFile; fileRef = 801C7A5626DA710200929876 /* SDWebImageCacheKeyFilter.m */; };
		801C7AF426DA710200929876 /* SDWebImageDefine.m in Sources */ = {isa = PBXBuildFile; fileRef = 801C7A5926DA710200929876 /* SDWebImageDefine.m */; };
		801C7AF526DA710200929876 /* SDWebImageOptionsProcessor.m in Sources */ = {isa = PBXBuildFile; fileRef = 801C7A5B26DA710200929876 /* SDWebImageOptionsProcessor.m */; };
		801C7AF626DA710200929876 /* UIView+WebCacheOperation.m in Sources */ = {isa = PBXBuildFile; fileRef = 801C7A5C26DA710200929876 /* UIView+WebCacheOperation.m */; };
		801C7AF726DA710200929876 /* UIView+WebCache.m in Sources */ = {isa = PBXBuildFile; fileRef = 801C7A5D26DA710200929876 /* UIView+WebCache.m */; };
		801C7AF826DA710200929876 /* UIImage+Metadata.m in Sources */ = {isa = PBXBuildFile; fileRef = 801C7A6426DA710200929876 /* UIImage+Metadata.m */; };
		801C7AF926DA710200929876 /* UIButton+WebCache.m in Sources */ = {isa = PBXBuildFile; fileRef = 801C7A6626DA710200929876 /* UIButton+WebCache.m */; };
		801C7AFA26DA710200929876 /* SDWebImageDownloaderRequestModifier.m in Sources */ = {isa = PBXBuildFile; fileRef = 801C7A6726DA710200929876 /* SDWebImageDownloaderRequestModifier.m */; };
		801C7AFB26DA710200929876 /* UIColor+SDHexString.m in Sources */ = {isa = PBXBuildFile; fileRef = 801C7AAB26DA710200929876 /* UIColor+SDHexString.m */; };
		801C7AFC26DA710200929876 /* SDImageCachesManagerOperation.m in Sources */ = {isa = PBXBuildFile; fileRef = 801C7AAD26DA710200929876 /* SDImageCachesManagerOperation.m */; };
		801C7AFD26DA710200929876 /* SDImageAssetManager.m in Sources */ = {isa = PBXBuildFile; fileRef = 801C7AB026DA710200929876 /* SDImageAssetManager.m */; };
		801C7AFE26DA710200929876 /* SDDeviceHelper.m in Sources */ = {isa = PBXBuildFile; fileRef = 801C7AB626DA710200929876 /* SDDeviceHelper.m */; };
		801C7AFF26DA710200929876 /* SDWeakProxy.m in Sources */ = {isa = PBXBuildFile; fileRef = 801C7AB726DA710200929876 /* SDWeakProxy.m */; };
		801C7B0026DA710200929876 /* SDInternalMacros.m in Sources */ = {isa = PBXBuildFile; fileRef = 801C7AB826DA710200929876 /* SDInternalMacros.m */; };
		801C7B0126DA710200929876 /* SDFileAttributeHelper.m in Sources */ = {isa = PBXBuildFile; fileRef = 801C7AB926DA710200929876 /* SDFileAttributeHelper.m */; };
		801C7B0226DA710200929876 /* NSBezierPath+SDRoundedCorners.m in Sources */ = {isa = PBXBuildFile; fileRef = 801C7ABB26DA710200929876 /* NSBezierPath+SDRoundedCorners.m */; };
		801C7B0326DA710200929876 /* SDDisplayLink.m in Sources */ = {isa = PBXBuildFile; fileRef = 801C7ABD26DA710200929876 /* SDDisplayLink.m */; };
		801C7B0426DA710200929876 /* SDAsyncBlockOperation.m in Sources */ = {isa = PBXBuildFile; fileRef = 801C7ABF26DA710200929876 /* SDAsyncBlockOperation.m */; };
		801C7B0526DA710200929876 /* SDAssociatedObject.m in Sources */ = {isa = PBXBuildFile; fileRef = 801C7AC026DA710200929876 /* SDAssociatedObject.m */; };
/* End PBXBuildFile section */

/* Begin PBXFileReference section */
		801C79D126DA2A0E00929876 /* imagesBrowse.app */ = {isa = PBXFileReference; explicitFileType = wrapper.application; includeInIndex = 0; path = imagesBrowse.app; sourceTree = BUILT_PRODUCTS_DIR; };
		801C79D426DA2A0E00929876 /* AppDelegate.h */ = {isa = PBXFileReference; lastKnownFileType = sourcecode.c.h; path = AppDelegate.h; sourceTree = "<group>"; };
		801C79D526DA2A0E00929876 /* AppDelegate.m */ = {isa = PBXFileReference; lastKnownFileType = sourcecode.c.objc; path = AppDelegate.m; sourceTree = "<group>"; };
		801C79D726DA2A0E00929876 /* SceneDelegate.h */ = {isa = PBXFileReference; lastKnownFileType = sourcecode.c.h; path = SceneDelegate.h; sourceTree = "<group>"; };
		801C79D826DA2A0E00929876 /* SceneDelegate.m */ = {isa = PBXFileReference; lastKnownFileType = sourcecode.c.objc; path = SceneDelegate.m; sourceTree = "<group>"; };
		801C79DA26DA2A0E00929876 /* ViewController.h */ = {isa = PBXFileReference; lastKnownFileType = sourcecode.c.h; path = ViewController.h; sourceTree = "<group>"; };
		801C79DB26DA2A0E00929876 /* ViewController.m */ = {isa = PBXFileReference; lastKnownFileType = sourcecode.c.objc; path = ViewController.m; sourceTree = "<group>"; };
		801C79DE26DA2A0E00929876 /* Base */ = {isa = PBXFileReference; lastKnownFileType = file.storyboard; name = Base; path = Base.lproj/Main.storyboard; sourceTree = "<group>"; };
		801C79E026DA2A0F00929876 /* Assets.xcassets */ = {isa = PBXFileReference; lastKnownFileType = folder.assetcatalog; path = Assets.xcassets; sourceTree = "<group>"; };
		801C79E326DA2A0F00929876 /* Base */ = {isa = PBXFileReference; lastKnownFileType = file.storyboard; name = Base; path = Base.lproj/LaunchScreen.storyboard; sourceTree = "<group>"; };
		801C79E526DA2A0F00929876 /* Info.plist */ = {isa = PBXFileReference; lastKnownFileType = text.plist.xml; path = Info.plist; sourceTree = "<group>"; };
		801C79E626DA2A0F00929876 /* main.m */ = {isa = PBXFileReference; lastKnownFileType = sourcecode.c.objc; path = main.m; sourceTree = "<group>"; };
		801C79EE26DA2A4500929876 /* ImagesCollectionViewCell.h */ = {isa = PBXFileReference; fileEncoding = 4; lastKnownFileType = sourcecode.c.h; path = ImagesCollectionViewCell.h; sourceTree = "<group>"; };
		801C79EF26DA2A4500929876 /* BrowseImageViewController.m */ = {isa = PBXFileReference; fileEncoding = 4; lastKnownFileType = sourcecode.c.objc; path = BrowseImageViewController.m; sourceTree = "<group>"; };
		801C79F026DA2A4500929876 /* ImagesCollectionViewCell.m */ = {isa = PBXFileReference; fileEncoding = 4; lastKnownFileType = sourcecode.c.objc; path = ImagesCollectionViewCell.m; sourceTree = "<group>"; };
		801C79F126DA2A4500929876 /* BrowseImageViewController.h */ = {isa = PBXFileReference; fileEncoding = 4; lastKnownFileType = sourcecode.c.h; path = BrowseImageViewController.h; sourceTree = "<group>"; };
		801C79F626DA710200929876 /* UIImage+ExtendedCacheData.h */ = {isa = PBXFileReference; fileEncoding = 4; lastKnownFileType = sourcecode.c.h; path = "UIImage+ExtendedCacheData.h"; sourceTree = "<group>"; };
		801C79F726DA710200929876 /* SDImageHEICCoder.m */ = {isa = PBXFileReference; fileEncoding = 4; lastKnownFileType = sourcecode.c.objc; path = SDImageHEICCoder.m; sourceTree = "<group>"; };
		801C79F826DA710200929876 /* SDAnimatedImageRep.h */ = {isa = PBXFileReference; fileEncoding = 4; lastKnownFileType = sourcecode.c.h; path = SDAnimatedImageRep.h; sourceTree = "<group>"; };
		801C79F926DA710200929876 /* NSImage+Compatibility.m */ = {isa = PBXFileReference; fileEncoding = 4; lastKnownFileType = sourcecode.c.objc; path = "NSImage+Compatibility.m"; sourceTree = "<group>"; };
		801C79FA26DA710200929876 /* SDDiskCache.h */ = {isa = PBXFileReference; fileEncoding = 4; lastKnownFileType = sourcecode.c.h; path = SDDiskCache.h; sourceTree = "<group>"; };
		801C79FB26DA710200929876 /* SDAnimatedImageView+WebCache.m */ = {isa = PBXFileReference; fileEncoding = 4; lastKnownFileType = sourcecode.c.objc; path = "SDAnimatedImageView+WebCache.m"; sourceTree = "<group>"; };
		801C79FC26DA710200929876 /* SDImageIOCoder.h */ = {isa = PBXFileReference; fileEncoding = 4; lastKnownFileType = sourcecode.c.h; path = SDImageIOCoder.h; sourceTree = "<group>"; };
		801C79FD26DA710200929876 /* SDImageCoder.m */ = {isa = PBXFileReference; fileEncoding = 4; lastKnownFileType = sourcecode.c.objc; path = SDImageCoder.m; sourceTree = "<group>"; };
		801C79FE26DA710200929876 /* NSButton+WebCache.h */ = {isa = PBXFileReference; fileEncoding = 4; lastKnownFileType = sourcecode.c.h; path = "NSButton+WebCache.h"; sourceTree = "<group>"; };
		801C79FF26DA710200929876 /* SDImageGraphics.h */ = {isa = PBXFileReference; fileEncoding = 4; lastKnownFileType = sourcecode.c.h; path = SDImageGraphics.h; sourceTree = "<group>"; };
		801C7A0026DA710200929876 /* SDWebImageOperation.m */ = {isa = PBXFileReference; fileEncoding = 4; lastKnownFileType = sourcecode.c.objc; path = SDWebImageOperation.m; sourceTree = "<group>"; };
		801C7A0126DA710200929876 /* UIImageView+WebCache.h */ = {isa = PBXFileReference; fileEncoding = 4; lastKnownFileType = sourcecode.c.h; path = "UIImageView+WebCache.h"; sourceTree = "<group>"; };
		801C7A0226DA710200929876 /* NSData+ImageContentType.h */ = {isa = PBXFileReference; fileEncoding = 4; lastKnownFileType = sourcecode.c.h; path = "NSData+ImageContentType.h"; sourceTree = "<group>"; };
		801C7A0326DA710200929876 /* SDWebImageDownloaderDecryptor.m */ = {isa = PBXFileReference; fileEncoding = 4; lastKnownFileType = sourcecode.c.objc; path = SDWebImageDownloaderDecryptor.m; sourceTree = "<group>"; };
		801C7A0426DA710200929876 /* SDImageTransformer.h */ = {isa = PBXFileReference; fileEncoding = 4; lastKnownFileType = sourcecode.c.h; path = SDImageTransformer.h; sourceTree = "<group>"; };
		801C7A0526DA710200929876 /* SDImageCachesManager.h */ = {isa = PBXFileReference; fileEncoding = 4; lastKnownFileType = sourcecode.c.h; path = SDImageCachesManager.h; sourceTree = "<group>"; };
		801C7A0626DA710200929876 /* SDWebImageTransition.h */ = {isa = PBXFileReference; fileEncoding = 4; lastKnownFileType = sourcecode.c.h; path = SDWebImageTransition.h; sourceTree = "<group>"; };
		801C7A0726DA710200929876 /* SDWebImageManager.m */ = {isa = PBXFileReference; fileEncoding = 4; lastKnownFileType = sourcecode.c.objc; path = SDWebImageManager.m; sourceTree = "<group>"; };
		801C7A0826DA710200929876 /* SDImageLoadersManager.h */ = {isa = PBXFileReference; fileEncoding = 4; lastKnownFileType = sourcecode.c.h; path = SDImageLoadersManager.h; sourceTree = "<group>"; };
		801C7A0926DA710200929876 /* SDImageIOAnimatedCoder.m */ = {isa = PBXFileReference; fileEncoding = 4; lastKnownFileType = sourcecode.c.objc; path = SDImageIOAnimatedCoder.m; sourceTree = "<group>"; };
		801C7A0A26DA710200929876 /* SDWebImageDownloaderOperation.h */ = {isa = PBXFileReference; fileEncoding = 4; lastKnownFileType = sourcecode.c.h; path = SDWebImageDownloaderOperation.h; sourceTree = "<group>"; };
		801C7A0B26DA710200929876 /* UIImageView+HighlightedWebCache.m */ = {isa = PBXFileReference; fileEncoding = 4; lastKnownFileType = sourcecode.c.objc; path = "UIImageView+HighlightedWebCache.m"; sourceTree = "<group>"; };
		801C7A0C26DA710200929876 /* SDImageFrame.h */ = {isa = PBXFileReference; fileEncoding = 4; lastKnownFileType = sourcecode.c.h; path = SDImageFrame.h; sourceTree = "<group>"; };
		801C7A0D26DA710200929876 /* SDImageGIFCoder.h */ = {isa = PBXFileReference; fileEncoding = 4; lastKnownFileType = sourcecode.c.h; path = SDImageGIFCoder.h; sourceTree = "<group>"; };
		801C7A0E26DA710200929876 /* SDImageCache.h */ = {isa = PBXFileReference; fileEncoding = 4; lastKnownFileType = sourcecode.c.h; path = SDImageCache.h; sourceTree = "<group>"; };
		801C7A0F26DA710200929876 /* SDWebImageDownloaderConfig.h */ = {isa = PBXFileReference; fileEncoding = 4; lastKnownFileType = sourcecode.c.h; path = SDWebImageDownloaderConfig.h; sourceTree = "<group>"; };
		801C7A1026DA710200929876 /* SDAnimatedImage.m */ = {isa = PBXFileReference; fileEncoding = 4; lastKnownFileType = sourcecode.c.objc; path = SDAnimatedImage.m; sourceTree = "<group>"; };
		801C7A1126DA710200929876 /* SDAnimatedImageView.m */ = {isa = PBXFileReference; fileEncoding = 4; lastKnownFileType = sourcecode.c.objc; path = SDAnimatedImageView.m; sourceTree = "<group>"; };
		801C7A1226DA710200929876 /* UIImage+ForceDecode.m */ = {isa = PBXFileReference; fileEncoding = 4; lastKnownFileType = sourcecode.c.objc; path = "UIImage+ForceDecode.m"; sourceTree = "<group>"; };
		801C7A1326DA710200929876 /* SDImageCacheConfig.h */ = {isa = PBXFileReference; fileEncoding = 4; lastKnownFileType = sourcecode.c.h; path = SDImageCacheConfig.h; sourceTree = "<group>"; };
		801C7A1426DA710200929876 /* SDImageAWebPCoder.m */ = {isa = PBXFileReference; fileEncoding = 4; lastKnownFileType = sourcecode.c.objc; path = SDImageAWebPCoder.m; sourceTree = "<group>"; };
		801C7A1526DA710200929876 /* SDWebImageCacheKeyFilter.h */ = {isa = PBXFileReference; fileEncoding = 4; lastKnownFileType = sourcecode.c.h; path = SDWebImageCacheKeyFilter.h; sourceTree = "<group>"; };
		801C7A1626DA710200929876 /* SDAnimatedImagePlayer.m */ = {isa = PBXFileReference; fileEncoding = 4; lastKnownFileType = sourcecode.c.objc; path = SDAnimatedImagePlayer.m; sourceTree = "<group>"; };
		801C7A1726DA710200929876 /* UIImage+Transform.m */ = {isa = PBXFileReference; fileEncoding = 4; lastKnownFileType = sourcecode.c.objc; path = "UIImage+Transform.m"; sourceTree = "<group>"; };
		801C7A1826DA710200929876 /* UIImage+MemoryCacheCost.h */ = {isa = PBXFileReference; fileEncoding = 4; lastKnownFileType = sourcecode.c.h; path = "UIImage+MemoryCacheCost.h"; sourceTree = "<group>"; };
		801C7A1926DA710200929876 /* SDWebImageDownloader.m */ = {isa = PBXFileReference; fileEncoding = 4; lastKnownFileType = sourcecode.c.objc; path = SDWebImageDownloader.m; sourceTree = "<group>"; };
		801C7A1A26DA710200929876 /* SDImageCacheDefine.h */ = {isa = PBXFileReference; fileEncoding = 4; lastKnownFileType = sourcecode.c.h; path = SDImageCacheDefine.h; sourceTree = "<group>"; };
		801C7A1B26DA710200929876 /* SDImageLoader.m */ = {isa = PBXFileReference; fileEncoding = 4; lastKnownFileType = sourcecode.c.objc; path = SDImageLoader.m; sourceTree = "<group>"; };
		801C7A1C26DA710200929876 /* SDWebImageCacheSerializer.m */ = {isa = PBXFileReference; fileEncoding = 4; lastKnownFileType = sourcecode.c.objc; path = SDWebImageCacheSerializer.m; sourceTree = "<group>"; };
		801C7A1D26DA710200929876 /* SDWebImageIndicator.m */ = {isa = PBXFileReference; fileEncoding = 4; lastKnownFileType = sourcecode.c.objc; path = SDWebImageIndicator.m; sourceTree = "<group>"; };
		801C7A1E26DA710200929876 /* SDGraphicsImageRenderer.m */ = {isa = PBXFileReference; fileEncoding = 4; lastKnownFileType = sourcecode.c.objc; path = SDGraphicsImageRenderer.m; sourceTree = "<group>"; };
		801C7A1F26DA710200929876 /* UIImage+GIF.m */ = {isa = PBXFileReference; fileEncoding = 4; lastKnownFileType = sourcecode.c.objc; path = "UIImage+GIF.m"; sourceTree = "<group>"; };
		801C7A2026DA710200929876 /* SDImageCodersManager.m */ = {isa = PBXFileReference; fileEncoding = 4; lastKnownFileType = sourcecode.c.objc; path = SDImageCodersManager.m; sourceTree = "<group>"; };
		801C7A2126DA710200929876 /* UIButton+WebCache.h */ = {isa = PBXFileReference; fileEncoding = 4; lastKnownFileType = sourcecode.c.h; path = "UIButton+WebCache.h"; sourceTree = "<group>"; };
		801C7A2226DA710200929876 /* SDWebImageDownloaderRequestModifier.h */ = {isa = PBXFileReference; fileEncoding = 4; lastKnownFileType = sourcecode.c.h; path = SDWebImageDownloaderRequestModifier.h; sourceTree = "<group>"; };
		801C7A2326DA710200929876 /* UIImage+MultiFormat.m */ = {isa = PBXFileReference; fileEncoding = 4; lastKnownFileType = sourcecode.c.objc; path = "UIImage+MultiFormat.m"; sourceTree = "<group>"; };
		801C7A2426DA710200929876 /* SDMemoryCache.m */ = {isa = PBXFileReference; fileEncoding = 4; lastKnownFileType = sourcecode.c.objc; path = SDMemoryCache.m; sourceTree = "<group>"; };
		801C7A2526DA710200929876 /* UIImage+Metadata.h */ = {isa = PBXFileReference; fileEncoding = 4; lastKnownFileType = sourcecode.c.h; path = "UIImage+Metadata.h"; sourceTree = "<group>"; };
		801C7A2626DA710200929876 /* SDWebImageCompat.m */ = {isa = PBXFileReference; fileEncoding = 4; lastKnownFileType = sourcecode.c.objc; path = SDWebImageCompat.m; sourceTree = "<group>"; };
		801C7A2726DA710200929876 /* SDImageAPNGCoder.m */ = {isa = PBXFileReference; fileEncoding = 4; lastKnownFileType = sourcecode.c.objc; path = SDImageAPNGCoder.m; sourceTree = "<group>"; };
		801C7A2826DA710200929876 /* SDWebImageDownloaderResponseModifier.m */ = {isa = PBXFileReference; fileEncoding = 4; lastKnownFileType = sourcecode.c.objc; path = SDWebImageDownloaderResponseModifier.m; sourceTree = "<group>"; };
		801C7A2926DA710200929876 /* SDWebImageError.m */ = {isa = PBXFileReference; fileEncoding = 4; lastKnownFileType = sourcecode.c.objc; path = SDWebImageError.m; sourceTree = "<group>"; };
		801C7A2A26DA710200929876 /* SDWebImagePrefetcher.m */ = {isa = PBXFileReference; fileEncoding = 4; lastKnownFileType = sourcecode.c.objc; path = SDWebImagePrefetcher.m; sourceTree = "<group>"; };
		801C7A2B26DA710200929876 /* SDImageCoderHelper.m */ = {isa = PBXFileReference; fileEncoding = 4; lastKnownFileType = sourcecode.c.objc; path = SDImageCoderHelper.m; sourceTree = "<group>"; };
		801C7A2C26DA710200929876 /* SDWebImageOptionsProcessor.h */ = {isa = PBXFileReference; fileEncoding = 4; lastKnownFileType = sourcecode.c.h; path = SDWebImageOptionsProcessor.h; sourceTree = "<group>"; };
		801C7A2D26DA710200929876 /* UIView+WebCache.h */ = {isa = PBXFileReference; fileEncoding = 4; lastKnownFileType = sourcecode.c.h; path = "UIView+WebCache.h"; sourceTree = "<group>"; };
		801C7A2E26DA710200929876 /* UIView+WebCacheOperation.h */ = {isa = PBXFileReference; fileEncoding = 4; lastKnownFileType = sourcecode.c.h; path = "UIView+WebCacheOperation.h"; sourceTree = "<group>"; };
		801C7A2F26DA710200929876 /* SDWebImageDefine.h */ = {isa = PBXFileReference; fileEncoding = 4; lastKnownFileType = sourcecode.c.h; path = SDWebImageDefine.h; sourceTree = "<group>"; };
		801C7A3026DA710200929876 /* NSButton+WebCache.m */ = {isa = PBXFileReference; fileEncoding = 4; lastKnownFileType = sourcecode.c.objc; path = "NSButton+WebCache.m"; sourceTree = "<group>"; };
		801C7A3126DA710200929876 /* SDImageCoder.h */ = {isa = PBXFileReference; fileEncoding = 4; lastKnownFileType = sourcecode.c.h; path = SDImageCoder.h; sourceTree = "<group>"; };
		801C7A3226DA710200929876 /* SDImageIOCoder.m */ = {isa = PBXFileReference; fileEncoding = 4; lastKnownFileType = sourcecode.c.objc; path = SDImageIOCoder.m; sourceTree = "<group>"; };
		801C7A3326DA710200929876 /* SDAnimatedImageView+WebCache.h */ = {isa = PBXFileReference; fileEncoding = 4; lastKnownFileType = sourcecode.c.h; path = "SDAnimatedImageView+WebCache.h"; sourceTree = "<group>"; };
		801C7A3426DA710200929876 /* SDDiskCache.m */ = {isa = PBXFileReference; fileEncoding = 4; lastKnownFileType = sourcecode.c.objc; path = SDDiskCache.m; sourceTree = "<group>"; };
		801C7A3526DA710200929876 /* NSImage+Compatibility.h */ = {isa = PBXFileReference; fileEncoding = 4; lastKnownFileType = sourcecode.c.h; path = "NSImage+Compatibility.h"; sourceTree = "<group>"; };
		801C7A3626DA710200929876 /* SDAnimatedImageRep.m */ = {isa = PBXFileReference; fileEncoding = 4; lastKnownFileType = sourcecode.c.objc; path = SDAnimatedImageRep.m; sourceTree = "<group>"; };
		801C7A3726DA710200929876 /* SDImageHEICCoder.h */ = {isa = PBXFileReference; fileEncoding = 4; lastKnownFileType = sourcecode.c.h; path = SDImageHEICCoder.h; sourceTree = "<group>"; };
		801C7A3826DA710200929876 /* UIImage+ExtendedCacheData.m */ = {isa = PBXFileReference; fileEncoding = 4; lastKnownFileType = sourcecode.c.objc; path = "UIImage+ExtendedCacheData.m"; sourceTree = "<group>"; };
		801C7A3926DA710200929876 /* SDAnimatedImageView.h */ = {isa = PBXFileReference; fileEncoding = 4; lastKnownFileType = sourcecode.c.h; path = SDAnimatedImageView.h; sourceTree = "<group>"; };
		801C7A3A26DA710200929876 /* SDWebImageDownloaderConfig.m */ = {isa = PBXFileReference; fileEncoding = 4; lastKnownFileType = sourcecode.c.objc; path = SDWebImageDownloaderConfig.m; sourceTree = "<group>"; };
		801C7A3B26DA710200929876 /* SDAnimatedImage.h */ = {isa = PBXFileReference; fileEncoding = 4; lastKnownFileType = sourcecode.c.h; path = SDAnimatedImage.h; sourceTree = "<group>"; };
		801C7A3C26DA710200929876 /* SDImageCache.m */ = {isa = PBXFileReference; fileEncoding = 4; lastKnownFileType = sourcecode.c.objc; path = SDImageCache.m; sourceTree = "<group>"; };
		801C7A3D26DA710200929876 /* SDImageGIFCoder.m */ = {isa = PBXFileReference; fileEncoding = 4; lastKnownFileType = sourcecode.c.objc; path = SDImageGIFCoder.m; sourceTree = "<group>"; };
		801C7A3E26DA710200929876 /* UIImageView+HighlightedWebCache.h */ = {isa = PBXFileReference; fileEncoding = 4; lastKnownFileType = sourcecode.c.h; path = "UIImageView+HighlightedWebCache.h"; sourceTree = "<group>"; };
		801C7A3F26DA710200929876 /* SDImageFrame.m */ = {isa = PBXFileReference; fileEncoding = 4; lastKnownFileType = sourcecode.c.objc; path = SDImageFrame.m; sourceTree = "<group>"; };
		801C7A4026DA710200929876 /* SDWebImageDownloaderOperation.m */ = {isa = PBXFileReference; fileEncoding = 4; lastKnownFileType = sourcecode.c.objc; path = SDWebImageDownloaderOperation.m; sourceTree = "<group>"; };
		801C7A4126DA710200929876 /* SDImageIOAnimatedCoder.h */ = {isa = PBXFileReference; fileEncoding = 4; lastKnownFileType = sourcecode.c.h; path = SDImageIOAnimatedCoder.h; sourceTree = "<group>"; };
		801C7A4226DA710200929876 /* SDImageLoadersManager.m */ = {isa = PBXFileReference; fileEncoding = 4; lastKnownFileType = sourcecode.c.objc; path = SDImageLoadersManager.m; sourceTree = "<group>"; };
		801C7A4326DA710200929876 /* SDImageCachesManager.m */ = {isa = PBXFileReference; fileEncoding = 4; lastKnownFileType = sourcecode.c.objc; path = SDImageCachesManager.m; sourceTree = "<group>"; };
		801C7A4426DA710200929876 /* SDWebImageTransition.m */ = {isa = PBXFileReference; fileEncoding = 4; lastKnownFileType = sourcecode.c.objc; path = SDWebImageTransition.m; sourceTree = "<group>"; };
		801C7A4526DA710200929876 /* SDWebImageManager.h */ = {isa = PBXFileReference; fileEncoding = 4; lastKnownFileType = sourcecode.c.h; path = SDWebImageManager.h; sourceTree = "<group>"; };
		801C7A4626DA710200929876 /* SDImageTransformer.m */ = {isa = PBXFileReference; fileEncoding = 4; lastKnownFileType = sourcecode.c.objc; path = SDImageTransformer.m; sourceTree = "<group>"; };
		801C7A4726DA710200929876 /* NSData+ImageContentType.m */ = {isa = PBXFileReference; fileEncoding = 4; lastKnownFileType = sourcecode.c.objc; path = "NSData+ImageContentType.m"; sourceTree = "<group>"; };
		801C7A4826DA710200929876 /* UIImageView+WebCache.m */ = {isa = PBXFileReference; fileEncoding = 4; lastKnownFileType = sourcecode.c.objc; path = "UIImageView+WebCache.m"; sourceTree = "<group>"; };
		801C7A4926DA710200929876 /* SDWebImageDownloaderDecryptor.h */ = {isa = PBXFileReference; fileEncoding = 4; lastKnownFileType = sourcecode.c.h; path = SDWebImageDownloaderDecryptor.h; sourceTree = "<group>"; };
		801C7A4A26DA710200929876 /* SDWebImageOperation.h */ = {isa = PBXFileReference; fileEncoding = 4; lastKnownFileType = sourcecode.c.h; path = SDWebImageOperation.h; sourceTree = "<group>"; };
		801C7A4B26DA710200929876 /* SDImageGraphics.m */ = {isa = PBXFileReference; fileEncoding = 4; lastKnownFileType = sourcecode.c.objc; path = SDImageGraphics.m; sourceTree = "<group>"; };
		801C7A4C26DA710200929876 /* SDGraphicsImageRenderer.h */ = {isa = PBXFileReference; fileEncoding = 4; lastKnownFileType = sourcecode.c.h; path = SDGraphicsImageRenderer.h; sourceTree = "<group>"; };
		801C7A4D26DA710200929876 /* SDWebImageIndicator.h */ = {isa = PBXFileReference; fileEncoding = 4; lastKnownFileType = sourcecode.c.h; path = SDWebImageIndicator.h; sourceTree = "<group>"; };
		801C7A4E26DA710200929876 /* SDWebImageCacheSerializer.h */ = {isa = PBXFileReference; fileEncoding = 4; lastKnownFileType = sourcecode.c.h; path = SDWebImageCacheSerializer.h; sourceTree = "<group>"; };
		801C7A4F26DA710200929876 /* SDImageLoader.h */ = {isa = PBXFileReference; fileEncoding = 4; lastKnownFileType = sourcecode.c.h; path = SDImageLoader.h; sourceTree = "<group>"; };
		801C7A5026DA710200929876 /* SDImageCacheDefine.m */ = {isa = PBXFileReference; fileEncoding = 4; lastKnownFileType = sourcecode.c.objc; path = SDImageCacheDefine.m; sourceTree = "<group>"; };
		801C7A5126DA710200929876 /* SDWebImageDownloader.h */ = {isa = PBXFileReference; fileEncoding = 4; lastKnownFileType = sourcecode.c.h; path = SDWebImageDownloader.h; sourceTree = "<group>"; };
		801C7A5226DA710200929876 /* UIImage+MemoryCacheCost.m */ = {isa = PBXFileReference; fileEncoding = 4; lastKnownFileType = sourcecode.c.objc; path = "UIImage+MemoryCacheCost.m"; sourceTree = "<group>"; };
		801C7A5326DA710200929876 /* UIImage+Transform.h */ = {isa = PBXFileReference; fileEncoding = 4; lastKnownFileType = sourcecode.c.h; path = "UIImage+Transform.h"; sourceTree = "<group>"; };
		801C7A5426DA710200929876 /* SDAnimatedImagePlayer.h */ = {isa = PBXFileReference; fileEncoding = 4; lastKnownFileType = sourcecode.c.h; path = SDAnimatedImagePlayer.h; sourceTree = "<group>"; };
		801C7A5526DA710200929876 /* SDImageCacheConfig.m */ = {isa = PBXFileReference; fileEncoding = 4; lastKnownFileType = sourcecode.c.objc; path = SDImageCacheConfig.m; sourceTree = "<group>"; };
		801C7A5626DA710200929876 /* SDWebImageCacheKeyFilter.m */ = {isa = PBXFileReference; fileEncoding = 4; lastKnownFileType = sourcecode.c.objc; path = SDWebImageCacheKeyFilter.m; sourceTree = "<group>"; };
		801C7A5726DA710200929876 /* SDImageAWebPCoder.h */ = {isa = PBXFileReference; fileEncoding = 4; lastKnownFileType = sourcecode.c.h; path = SDImageAWebPCoder.h; sourceTree = "<group>"; };
		801C7A5826DA710200929876 /* UIImage+ForceDecode.h */ = {isa = PBXFileReference; fileEncoding = 4; lastKnownFileType = sourcecode.c.h; path = "UIImage+ForceDecode.h"; sourceTree = "<group>"; };
		801C7A5926DA710200929876 /* SDWebImageDefine.m */ = {isa = PBXFileReference; fileEncoding = 4; lastKnownFileType = sourcecode.c.objc; path = SDWebImageDefine.m; sourceTree = "<group>"; };
		801C7A5A26DA710200929876 /* SDImageCoderHelper.h */ = {isa = PBXFileReference; fileEncoding = 4; lastKnownFileType = sourcecode.c.h; path = SDImageCoderHelper.h; sourceTree = "<group>"; };
		801C7A5B26DA710200929876 /* SDWebImageOptionsProcessor.m */ = {isa = PBXFileReference; fileEncoding = 4; lastKnownFileType = sourcecode.c.objc; path = SDWebImageOptionsProcessor.m; sourceTree = "<group>"; };
		801C7A5C26DA710200929876 /* UIView+WebCacheOperation.m */ = {isa = PBXFileReference; fileEncoding = 4; lastKnownFileType = sourcecode.c.objc; path = "UIView+WebCacheOperation.m"; sourceTree = "<group>"; };
		801C7A5D26DA710200929876 /* UIView+WebCache.m */ = {isa = PBXFileReference; fileEncoding = 4; lastKnownFileType = sourcecode.c.objc; path = "UIView+WebCache.m"; sourceTree = "<group>"; };
		801C7A5E26DA710200929876 /* SDWebImagePrefetcher.h */ = {isa = PBXFileReference; fileEncoding = 4; lastKnownFileType = sourcecode.c.h; path = SDWebImagePrefetcher.h; sourceTree = "<group>"; };
		801C7A5F26DA710200929876 /* SDWebImageDownloaderResponseModifier.h */ = {isa = PBXFileReference; fileEncoding = 4; lastKnownFileType = sourcecode.c.h; path = SDWebImageDownloaderResponseModifier.h; sourceTree = "<group>"; };
		801C7A6026DA710200929876 /* SDImageAPNGCoder.h */ = {isa = PBXFileReference; fileEncoding = 4; lastKnownFileType = sourcecode.c.h; path = SDImageAPNGCoder.h; sourceTree = "<group>"; };
		801C7A6126DA710200929876 /* SDWebImageError.h */ = {isa = PBXFileReference; fileEncoding = 4; lastKnownFileType = sourcecode.c.h; path = SDWebImageError.h; sourceTree = "<group>"; };
		801C7A6226DA710200929876 /* SDWebImageCompat.h */ = {isa = PBXFileReference; fileEncoding = 4; lastKnownFileType = sourcecode.c.h; path = SDWebImageCompat.h; sourceTree = "<group>"; };
		801C7A6326DA710200929876 /* SDMemoryCache.h */ = {isa = PBXFileReference; fileEncoding = 4; lastKnownFileType = sourcecode.c.h; path = SDMemoryCache.h; sourceTree = "<group>"; };
		801C7A6426DA710200929876 /* UIImage+Metadata.m */ = {isa = PBXFileReference; fileEncoding = 4; lastKnownFileType = sourcecode.c.objc; path = "UIImage+Metadata.m"; sourceTree = "<group>"; };
		801C7A6526DA710200929876 /* UIImage+MultiFormat.h */ = {isa = PBXFileReference; fileEncoding = 4; lastKnownFileType = sourcecode.c.h; path = "UIImage+MultiFormat.h"; sourceTree = "<group>"; };
		801C7A6626DA710200929876 /* UIButton+WebCache.m */ = {isa = PBXFileReference; fileEncoding = 4; lastKnownFileType = sourcecode.c.objc; path = "UIButton+WebCache.m"; sourceTree = "<group>"; };
		801C7A6726DA710200929876 /* SDWebImageDownloaderRequestModifier.m */ = {isa = PBXFileReference; fileEncoding = 4; lastKnownFileType = sourcecode.c.objc; path = SDWebImageDownloaderRequestModifier.m; sourceTree = "<group>"; };
		801C7A6826DA710200929876 /* SDImageCodersManager.h */ = {isa = PBXFileReference; fileEncoding = 4; lastKnownFileType = sourcecode.c.h; path = SDImageCodersManager.h; sourceTree = "<group>"; };
		801C7A6926DA710200929876 /* UIImage+GIF.h */ = {isa = PBXFileReference; fileEncoding = 4; lastKnownFileType = sourcecode.c.h; path = "UIImage+GIF.h"; sourceTree = "<group>"; };
		801C7AA826DA710200929876 /* SDDeviceHelper.h */ = {isa = PBXFileReference; fileEncoding = 4; lastKnownFileType = sourcecode.c.h; path = SDDeviceHelper.h; sourceTree = "<group>"; };
		801C7AA926DA710200929876 /* SDWeakProxy.h */ = {isa = PBXFileReference; fileEncoding = 4; lastKnownFileType = sourcecode.c.h; path = SDWeakProxy.h; sourceTree = "<group>"; };
		801C7AAA26DA710200929876 /* SDWebImageTransitionInternal.h */ = {isa = PBXFileReference; fileEncoding = 4; lastKnownFileType = sourcecode.c.h; path = SDWebImageTransitionInternal.h; sourceTree = "<group>"; };
		801C7AAB26DA710200929876 /* UIColor+SDHexString.m */ = {isa = PBXFileReference; fileEncoding = 4; lastKnownFileType = sourcecode.c.objc; path = "UIColor+SDHexString.m"; sourceTree = "<group>"; };
		801C7AAC26DA710200929876 /* NSBezierPath+SDRoundedCorners.h */ = {isa = PBXFileReference; fileEncoding = 4; lastKnownFileType = sourcecode.c.h; path = "NSBezierPath+SDRoundedCorners.h"; sourceTree = "<group>"; };
		801C7AAD26DA710200929876 /* SDImageCachesManagerOperation.m */ = {isa = PBXFileReference; fileEncoding = 4; lastKnownFileType = sourcecode.c.objc; path = SDImageCachesManagerOperation.m; sourceTree = "<group>"; };
		801C7AAE26DA710200929876 /* SDFileAttributeHelper.h */ = {isa = PBXFileReference; fileEncoding = 4; lastKnownFileType = sourcecode.c.h; path = SDFileAttributeHelper.h; sourceTree = "<group>"; };
		801C7AAF26DA710200929876 /* SDInternalMacros.h */ = {isa = PBXFileReference; fileEncoding = 4; lastKnownFileType = sourcecode.c.h; path = SDInternalMacros.h; sourceTree = "<group>"; };
		801C7AB026DA710200929876 /* SDImageAssetManager.m */ = {isa = PBXFileReference; fileEncoding = 4; lastKnownFileType = sourcecode.c.objc; path = SDImageAssetManager.m; sourceTree = "<group>"; };
		801C7AB126DA710200929876 /* SDAsyncBlockOperation.h */ = {isa = PBXFileReference; fileEncoding = 4; lastKnownFileType = sourcecode.c.h; path = SDAsyncBlockOperation.h; sourceTree = "<group>"; };
		801C7AB226DA710200929876 /* SDDisplayLink.h */ = {isa = PBXFileReference; fileEncoding = 4; lastKnownFileType = sourcecode.c.h; path = SDDisplayLink.h; sourceTree = "<group>"; };
		801C7AB326DA710200929876 /* SDAssociatedObject.h */ = {isa = PBXFileReference; fileEncoding = 4; lastKnownFileType = sourcecode.c.h; path = SDAssociatedObject.h; sourceTree = "<group>"; };
		801C7AB426DA710200929876 /* SDmetamacros.h */ = {isa = PBXFileReference; fileEncoding = 4; lastKnownFileType = sourcecode.c.h; path = SDmetamacros.h; sourceTree = "<group>"; };
		801C7AB526DA710200929876 /* SDImageIOAnimatedCoderInternal.h */ = {isa = PBXFileReference; fileEncoding = 4; lastKnownFileType = sourcecode.c.h; path = SDImageIOAnimatedCoderInternal.h; sourceTree = "<group>"; };
		801C7AB626DA710200929876 /* SDDeviceHelper.m */ = {isa = PBXFileReference; fileEncoding = 4; lastKnownFileType = sourcecode.c.objc; path = SDDeviceHelper.m; sourceTree = "<group>"; };
		801C7AB726DA710200929876 /* SDWeakProxy.m */ = {isa = PBXFileReference; fileEncoding = 4; lastKnownFileType = sourcecode.c.objc; path = SDWeakProxy.m; sourceTree = "<group>"; };
		801C7AB826DA710200929876 /* SDInternalMacros.m */ = {isa = PBXFileReference; fileEncoding = 4; lastKnownFileType = sourcecode.c.objc; path = SDInternalMacros.m; sourceTree = "<group>"; };
		801C7AB926DA710200929876 /* SDFileAttributeHelper.m */ = {isa = PBXFileReference; fileEncoding = 4; lastKnownFileType = sourcecode.c.objc; path = SDFileAttributeHelper.m; sourceTree = "<group>"; };
		801C7ABA26DA710200929876 /* SDImageCachesManagerOperation.h */ = {isa = PBXFileReference; fileEncoding = 4; lastKnownFileType = sourcecode.c.h; path = SDImageCachesManagerOperation.h; sourceTree = "<group>"; };
		801C7ABB26DA710200929876 /* NSBezierPath+SDRoundedCorners.m */ = {isa = PBXFileReference; fileEncoding = 4; lastKnownFileType = sourcecode.c.objc; path = "NSBezierPath+SDRoundedCorners.m"; sourceTree = "<group>"; };
		801C7ABC26DA710200929876 /* UIColor+SDHexString.h */ = {isa = PBXFileReference; fileEncoding = 4; lastKnownFileType = sourcecode.c.h; path = "UIColor+SDHexString.h"; sourceTree = "<group>"; };
		801C7ABD26DA710200929876 /* SDDisplayLink.m */ = {isa = PBXFileReference; fileEncoding = 4; lastKnownFileType = sourcecode.c.objc; path = SDDisplayLink.m; sourceTree = "<group>"; };
		801C7ABE26DA710200929876 /* SDImageAssetManager.h */ = {isa = PBXFileReference; fileEncoding = 4; lastKnownFileType = sourcecode.c.h; path = SDImageAssetManager.h; sourceTree = "<group>"; };
		801C7ABF26DA710200929876 /* SDAsyncBlockOperation.m */ = {isa = PBXFileReference; fileEncoding = 4; lastKnownFileType = sourcecode.c.objc; path = SDAsyncBlockOperation.m; sourceTree = "<group>"; };
		801C7AC026DA710200929876 /* SDAssociatedObject.m */ = {isa = PBXFileReference; fileEncoding = 4; lastKnownFileType = sourcecode.c.objc; path = SDAssociatedObject.m; sourceTree = "<group>"; };
/* End PBXFileReference section */

/* Begin PBXFrameworksBuildPhase section */
		801C79CE26DA2A0E00929876 /* Frameworks */ = {
			isa = PBXFrameworksBuildPhase;
			buildActionMask = 2147483647;
			files = (
			);
			runOnlyForDeploymentPostprocessing = 0;
		};
/* End PBXFrameworksBuildPhase section */

/* Begin PBXGroup section */
		801C79C826DA2A0E00929876 = {
			isa = PBXGroup;
			children = (
				801C79D326DA2A0E00929876 /* imagesBrowse */,
				801C79D226DA2A0E00929876 /* Products */,
			);
			sourceTree = "<group>";
		};
		801C79D226DA2A0E00929876 /* Products */ = {
			isa = PBXGroup;
			children = (
				801C79D126DA2A0E00929876 /* imagesBrowse.app */,
			);
			name = Products;
			sourceTree = "<group>";
		};
		801C79D326DA2A0E00929876 /* imagesBrowse */ = {
			isa = PBXGroup;
			children = (
				801C79D426DA2A0E00929876 /* AppDelegate.h */,
				801C79D526DA2A0E00929876 /* AppDelegate.m */,
				801C79D726DA2A0E00929876 /* SceneDelegate.h */,
				801C79D826DA2A0E00929876 /* SceneDelegate.m */,
				801C79DA26DA2A0E00929876 /* ViewController.h */,
				801C79DB26DA2A0E00929876 /* ViewController.m */,
				801C79ED26DA2A4500929876 /* BroseImage */,
				801C79DD26DA2A0E00929876 /* Main.storyboard */,
				801C79F426DA710200929876 /* SDWebImage */,
				801C79E026DA2A0F00929876 /* Assets.xcassets */,
				801C79E226DA2A0F00929876 /* LaunchScreen.storyboard */,
				801C79E526DA2A0F00929876 /* Info.plist */,
				801C79E626DA2A0F00929876 /* main.m */,
			);
			path = imagesBrowse;
			sourceTree = "<group>";
		};
		801C79ED26DA2A4500929876 /* BroseImage */ = {
			isa = PBXGroup;
			children = (
				801C79F126DA2A4500929876 /* BrowseImageViewController.h */,
				801C79EF26DA2A4500929876 /* BrowseImageViewController.m */,
				801C79EE26DA2A4500929876 /* ImagesCollectionViewCell.h */,
				801C79F026DA2A4500929876 /* ImagesCollectionViewCell.m */,
			);
			path = BroseImage;
			sourceTree = "<group>";
		};
		801C79F426DA710200929876 /* SDWebImage */ = {
			isa = PBXGroup;
			children = (
				801C79F526DA710200929876 /* Core */,
				801C7AA726DA710200929876 /* Private */,
			);
			path = SDWebImage;
			sourceTree = "<group>";
		};
		801C79F526DA710200929876 /* Core */ = {
			isa = PBXGroup;
			children = (
				801C79FE26DA710200929876 /* NSButton+WebCache.h */,
				801C7A3026DA710200929876 /* NSButton+WebCache.m */,
				801C7A0226DA710200929876 /* NSData+ImageContentType.h */,
				801C7A4726DA710200929876 /* NSData+ImageContentType.m */,
				801C7A3526DA710200929876 /* NSImage+Compatibility.h */,
				801C79F926DA710200929876 /* NSImage+Compatibility.m */,
				801C7A3B26DA710200929876 /* SDAnimatedImage.h */,
				801C7A1026DA710200929876 /* SDAnimatedImage.m */,
				801C7A5426DA710200929876 /* SDAnimatedImagePlayer.h */,
				801C7A1626DA710200929876 /* SDAnimatedImagePlayer.m */,
				801C79F826DA710200929876 /* SDAnimatedImageRep.h */,
				801C7A3626DA710200929876 /* SDAnimatedImageRep.m */,
				801C7A3926DA710200929876 /* SDAnimatedImageView.h */,
				801C7A1126DA710200929876 /* SDAnimatedImageView.m */,
				801C7A3326DA710200929876 /* SDAnimatedImageView+WebCache.h */,
				801C79FB26DA710200929876 /* SDAnimatedImageView+WebCache.m */,
				801C79FA26DA710200929876 /* SDDiskCache.h */,
				801C7A3426DA710200929876 /* SDDiskCache.m */,
				801C7A4C26DA710200929876 /* SDGraphicsImageRenderer.h */,
				801C7A1E26DA710200929876 /* SDGraphicsImageRenderer.m */,
				801C7A6026DA710200929876 /* SDImageAPNGCoder.h */,
				801C7A2726DA710200929876 /* SDImageAPNGCoder.m */,
				801C7A5726DA710200929876 /* SDImageAWebPCoder.h */,
				801C7A1426DA710200929876 /* SDImageAWebPCoder.m */,
				801C7A0E26DA710200929876 /* SDImageCache.h */,
				801C7A3C26DA710200929876 /* SDImageCache.m */,
				801C7A1326DA710200929876 /* SDImageCacheConfig.h */,
				801C7A5526DA710200929876 /* SDImageCacheConfig.m */,
				801C7A1A26DA710200929876 /* SDImageCacheDefine.h */,
				801C7A5026DA710200929876 /* SDImageCacheDefine.m */,
				801C7A0526DA710200929876 /* SDImageCachesManager.h */,
				801C7A4326DA710200929876 /* SDImageCachesManager.m */,
				801C7A3126DA710200929876 /* SDImageCoder.h */,
				801C79FD26DA710200929876 /* SDImageCoder.m */,
				801C7A5A26DA710200929876 /* SDImageCoderHelper.h */,
				801C7A2B26DA710200929876 /* SDImageCoderHelper.m */,
				801C7A6826DA710200929876 /* SDImageCodersManager.h */,
				801C7A2026DA710200929876 /* SDImageCodersManager.m */,
				801C7A0C26DA710200929876 /* SDImageFrame.h */,
				801C7A3F26DA710200929876 /* SDImageFrame.m */,
				801C7A0D26DA710200929876 /* SDImageGIFCoder.h */,
				801C7A3D26DA710200929876 /* SDImageGIFCoder.m */,
				801C79FF26DA710200929876 /* SDImageGraphics.h */,
				801C7A4B26DA710200929876 /* SDImageGraphics.m */,
				801C7A3726DA710200929876 /* SDImageHEICCoder.h */,
				801C79F726DA710200929876 /* SDImageHEICCoder.m */,
				801C7A4126DA710200929876 /* SDImageIOAnimatedCoder.h */,
				801C7A0926DA710200929876 /* SDImageIOAnimatedCoder.m */,
				801C79FC26DA710200929876 /* SDImageIOCoder.h */,
				801C7A3226DA710200929876 /* SDImageIOCoder.m */,
				801C7A4F26DA710200929876 /* SDImageLoader.h */,
				801C7A1B26DA710200929876 /* SDImageLoader.m */,
				801C7A0826DA710200929876 /* SDImageLoadersManager.h */,
				801C7A4226DA710200929876 /* SDImageLoadersManager.m */,
				801C7A0426DA710200929876 /* SDImageTransformer.h */,
				801C7A4626DA710200929876 /* SDImageTransformer.m */,
				801C7A6326DA710200929876 /* SDMemoryCache.h */,
				801C7A2426DA710200929876 /* SDMemoryCache.m */,
				801C7A1526DA710200929876 /* SDWebImageCacheKeyFilter.h */,
				801C7A5626DA710200929876 /* SDWebImageCacheKeyFilter.m */,
				801C7A4E26DA710200929876 /* SDWebImageCacheSerializer.h */,
				801C7A1C26DA710200929876 /* SDWebImageCacheSerializer.m */,
				801C7A6226DA710200929876 /* SDWebImageCompat.h */,
				801C7A2626DA710200929876 /* SDWebImageCompat.m */,
				801C7A2F26DA710200929876 /* SDWebImageDefine.h */,
				801C7A5926DA710200929876 /* SDWebImageDefine.m */,
				801C7A5126DA710200929876 /* SDWebImageDownloader.h */,
				801C7A1926DA710200929876 /* SDWebImageDownloader.m */,
				801C7A0F26DA710200929876 /* SDWebImageDownloaderConfig.h */,
				801C7A3A26DA710200929876 /* SDWebImageDownloaderConfig.m */,
				801C7A4926DA710200929876 /* SDWebImageDownloaderDecryptor.h */,
				801C7A0326DA710200929876 /* SDWebImageDownloaderDecryptor.m */,
				801C7A0A26DA710200929876 /* SDWebImageDownloaderOperation.h */,
				801C7A4026DA710200929876 /* SDWebImageDownloaderOperation.m */,
				801C7A2226DA710200929876 /* SDWebImageDownloaderRequestModifier.h */,
				801C7A6726DA710200929876 /* SDWebImageDownloaderRequestModifier.m */,
				801C7A5F26DA710200929876 /* SDWebImageDownloaderResponseModifier.h */,
				801C7A2826DA710200929876 /* SDWebImageDownloaderResponseModifier.m */,
				801C7A6126DA710200929876 /* SDWebImageError.h */,
				801C7A2926DA710200929876 /* SDWebImageError.m */,
				801C7A4D26DA710200929876 /* SDWebImageIndicator.h */,
				801C7A1D26DA710200929876 /* SDWebImageIndicator.m */,
				801C7A4526DA710200929876 /* SDWebImageManager.h */,
				801C7A0726DA710200929876 /* SDWebImageManager.m */,
				801C7A4A26DA710200929876 /* SDWebImageOperation.h */,
				801C7A0026DA710200929876 /* SDWebImageOperation.m */,
				801C7A2C26DA710200929876 /* SDWebImageOptionsProcessor.h */,
				801C7A5B26DA710200929876 /* SDWebImageOptionsProcessor.m */,
				801C7A5E26DA710200929876 /* SDWebImagePrefetcher.h */,
				801C7A2A26DA710200929876 /* SDWebImagePrefetcher.m */,
				801C7A0626DA710200929876 /* SDWebImageTransition.h */,
				801C7A4426DA710200929876 /* SDWebImageTransition.m */,
				801C7A2126DA710200929876 /* UIButton+WebCache.h */,
				801C7A6626DA710200929876 /* UIButton+WebCache.m */,
				801C79F626DA710200929876 /* UIImage+ExtendedCacheData.h */,
				801C7A3826DA710200929876 /* UIImage+ExtendedCacheData.m */,
				801C7A5826DA710200929876 /* UIImage+ForceDecode.h */,
				801C7A1226DA710200929876 /* UIImage+ForceDecode.m */,
				801C7A6926DA710200929876 /* UIImage+GIF.h */,
				801C7A1F26DA710200929876 /* UIImage+GIF.m */,
				801C7A1826DA710200929876 /* UIImage+MemoryCacheCost.h */,
				801C7A5226DA710200929876 /* UIImage+MemoryCacheCost.m */,
				801C7A2526DA710200929876 /* UIImage+Metadata.h */,
				801C7A6426DA710200929876 /* UIImage+Metadata.m */,
				801C7A6526DA710200929876 /* UIImage+MultiFormat.h */,
				801C7A2326DA710200929876 /* UIImage+MultiFormat.m */,
				801C7A5326DA710200929876 /* UIImage+Transform.h */,
				801C7A1726DA710200929876 /* UIImage+Transform.m */,
				801C7A3E26DA710200929876 /* UIImageView+HighlightedWebCache.h */,
				801C7A0B26DA710200929876 /* UIImageView+HighlightedWebCache.m */,
				801C7A0126DA710200929876 /* UIImageView+WebCache.h */,
				801C7A4826DA710200929876 /* UIImageView+WebCache.m */,
				801C7A2D26DA710200929876 /* UIView+WebCache.h */,
				801C7A5D26DA710200929876 /* UIView+WebCache.m */,
				801C7A2E26DA710200929876 /* UIView+WebCacheOperation.h */,
				801C7A5C26DA710200929876 /* UIView+WebCacheOperation.m */,
			);
			path = Core;
			sourceTree = "<group>";
		};
		801C7AA726DA710200929876 /* Private */ = {
			isa = PBXGroup;
			children = (
				801C7AAC26DA710200929876 /* NSBezierPath+SDRoundedCorners.h */,
				801C7ABB26DA710200929876 /* NSBezierPath+SDRoundedCorners.m */,
				801C7AB326DA710200929876 /* SDAssociatedObject.h */,
				801C7AC026DA710200929876 /* SDAssociatedObject.m */,
				801C7AB126DA710200929876 /* SDAsyncBlockOperation.h */,
				801C7ABF26DA710200929876 /* SDAsyncBlockOperation.m */,
				801C7AA826DA710200929876 /* SDDeviceHelper.h */,
				801C7AB626DA710200929876 /* SDDeviceHelper.m */,
				801C7AB226DA710200929876 /* SDDisplayLink.h */,
				801C7ABD26DA710200929876 /* SDDisplayLink.m */,
				801C7AAE26DA710200929876 /* SDFileAttributeHelper.h */,
				801C7AB926DA710200929876 /* SDFileAttributeHelper.m */,
				801C7ABE26DA710200929876 /* SDImageAssetManager.h */,
				801C7AB026DA710200929876 /* SDImageAssetManager.m */,
				801C7ABA26DA710200929876 /* SDImageCachesManagerOperation.h */,
				801C7AAD26DA710200929876 /* SDImageCachesManagerOperation.m */,
				801C7AB526DA710200929876 /* SDImageIOAnimatedCoderInternal.h */,
				801C7AAF26DA710200929876 /* SDInternalMacros.h */,
				801C7AB826DA710200929876 /* SDInternalMacros.m */,
				801C7AB426DA710200929876 /* SDmetamacros.h */,
				801C7AA926DA710200929876 /* SDWeakProxy.h */,
				801C7AB726DA710200929876 /* SDWeakProxy.m */,
				801C7AAA26DA710200929876 /* SDWebImageTransitionInternal.h */,
				801C7ABC26DA710200929876 /* UIColor+SDHexString.h */,
				801C7AAB26DA710200929876 /* UIColor+SDHexString.m */,
			);
			path = Private;
			sourceTree = "<group>";
		};
/* End PBXGroup section */

/* Begin PBXNativeTarget section */
		801C79D026DA2A0E00929876 /* imagesBrowse */ = {
			isa = PBXNativeTarget;
			buildConfigurationList = 801C79EA26DA2A0F00929876 /* Build configuration list for PBXNativeTarget "imagesBrowse" */;
			buildPhases = (
				801C79CD26DA2A0E00929876 /* Sources */,
				801C79CE26DA2A0E00929876 /* Frameworks */,
				801C79CF26DA2A0E00929876 /* Resources */,
			);
			buildRules = (
			);
			dependencies = (
			);
			name = imagesBrowse;
			productName = imagesBrowse;
			productReference = 801C79D126DA2A0E00929876 /* imagesBrowse.app */;
			productType = "com.apple.product-type.application";
		};
/* End PBXNativeTarget section */

/* Begin PBXProject section */
		801C79C926DA2A0E00929876 /* Project object */ = {
			isa = PBXProject;
			attributes = {
				LastUpgradeCheck = 1250;
				TargetAttributes = {
					801C79D026DA2A0E00929876 = {
						CreatedOnToolsVersion = 12.5;
					};
				};
			};
			buildConfigurationList = 801C79CC26DA2A0E00929876 /* Build configuration list for PBXProject "imagesBrowse" */;
			compatibilityVersion = "Xcode 9.3";
			developmentRegion = en;
			hasScannedForEncodings = 0;
			knownRegions = (
				en,
				Base,
			);
			mainGroup = 801C79C826DA2A0E00929876;
			productRefGroup = 801C79D226DA2A0E00929876 /* Products */;
			projectDirPath = "";
			projectRoot = "";
			targets = (
				801C79D026DA2A0E00929876 /* imagesBrowse */,
			);
		};
/* End PBXProject section */

/* Begin PBXResourcesBuildPhase section */
		801C79CF26DA2A0E00929876 /* Resources */ = {
			isa = PBXResourcesBuildPhase;
			buildActionMask = 2147483647;
			files = (
				801C79E426DA2A0F00929876 /* LaunchScreen.storyboard in Resources */,
				801C79E126DA2A0F00929876 /* Assets.xcassets in Resources */,
				801C79DF26DA2A0E00929876 /* Main.storyboard in Resources */,
			);
			runOnlyForDeploymentPostprocessing = 0;
		};
/* End PBXResourcesBuildPhase section */

/* Begin PBXSourcesBuildPhase section */
		801C79CD26DA2A0E00929876 /* Sources */ = {
			isa = PBXSourcesBuildPhase;
			buildActionMask = 2147483647;
			files = (
				801C7AEF26DA710200929876 /* SDImageGraphics.m in Sources */,
				801C7AD826DA710200929876 /* SDMemoryCache.m in Sources */,
				801C7ADD26DA710200929876 /* SDWebImagePrefetcher.m in Sources */,
				801C7AF226DA710200929876 /* SDImageCacheConfig.m in Sources */,
				801C7AD526DA710200929876 /* UIImage+GIF.m in Sources */,
				801C7AE226DA710200929876 /* SDAnimatedImageRep.m in Sources */,
				801C7AFB26DA710200929876 /* UIColor+SDHexString.m in Sources */,
				801C7AFD26DA710200929876 /* SDImageAssetManager.m in Sources */,
				801C7B0526DA710200929876 /* SDAssociatedObject.m in Sources */,
				801C7AF426DA710200929876 /* SDWebImageDefine.m in Sources */,
				801C7AFF26DA710200929876 /* SDWeakProxy.m in Sources */,
				801C7AF926DA710200929876 /* UIButton+WebCache.m in Sources */,
				801C7AFC26DA710200929876 /* SDImageCachesManagerOperation.m in Sources */,
				801C7AD426DA710200929876 /* SDGraphicsImageRenderer.m in Sources */,
				801C7AE626DA710200929876 /* SDImageGIFCoder.m in Sources */,
				801C7ADB26DA710200929876 /* SDWebImageDownloaderResponseModifier.m in Sources */,
				801C7AFE26DA710200929876 /* SDDeviceHelper.m in Sources */,
				801C7ACE26DA710200929876 /* SDAnimatedImagePlayer.m in Sources */,
				801C7ACD26DA710200929876 /* SDImageAWebPCoder.m in Sources */,
				801C7AE426DA710200929876 /* SDWebImageDownloaderConfig.m in Sources */,
				801C7AEB26DA710200929876 /* SDWebImageTransition.m in Sources */,
				801C7ADF26DA710200929876 /* NSButton+WebCache.m in Sources */,
				801C7AE026DA710200929876 /* SDImageIOCoder.m in Sources */,
				801C79F326DA2A4500929876 /* ImagesCollectionViewCell.m in Sources */,
				801C7AEE26DA710200929876 /* UIImageView+WebCache.m in Sources */,
				801C7B0226DA710200929876 /* NSBezierPath+SDRoundedCorners.m in Sources */,
				801C7AEA26DA710200929876 /* SDImageCachesManager.m in Sources */,
				801C7AF326DA710200929876 /* SDWebImageCacheKeyFilter.m in Sources */,
				801C7ACC26DA710200929876 /* UIImage+ForceDecode.m in Sources */,
				801C7AD726DA710200929876 /* UIImage+MultiFormat.m in Sources */,
				801C7AD626DA710200929876 /* SDImageCodersManager.m in Sources */,
				801C7AE926DA710200929876 /* SDImageLoadersManager.m in Sources */,
				801C7AC326DA710200929876 /* SDAnimatedImageView+WebCache.m in Sources */,
				801C7AC126DA710200929876 /* SDImageHEICCoder.m in Sources */,
				801C7AE326DA710200929876 /* UIImage+ExtendedCacheData.m in Sources */,
				801C7B0126DA710200929876 /* SDFileAttributeHelper.m in Sources */,
				801C7AC926DA710200929876 /* UIImageView+HighlightedWebCache.m in Sources */,
				801C7AF826DA710200929876 /* UIImage+Metadata.m in Sources */,
				801C79DC26DA2A0E00929876 /* ViewController.m in Sources */,
				801C7AFA26DA710200929876 /* SDWebImageDownloaderRequestModifier.m in Sources */,
				801C7ADC26DA710200929876 /* SDWebImageError.m in Sources */,
				801C7AC426DA710200929876 /* SDImageCoder.m in Sources */,
				801C7AE126DA710200929876 /* SDDiskCache.m in Sources */,
				801C7AC726DA710200929876 /* SDWebImageManager.m in Sources */,
				801C7AF026DA710200929876 /* SDImageCacheDefine.m in Sources */,
				801C7ACB26DA710200929876 /* SDAnimatedImageView.m in Sources */,
				801C7ACF26DA710200929876 /* UIImage+Transform.m in Sources */,
				801C7AC626DA710200929876 /* SDWebImageDownloaderDecryptor.m in Sources */,
				801C7AC826DA710200929876 /* SDImageIOAnimatedCoder.m in Sources */,
				801C7AD026DA710200929876 /* SDWebImageDownloader.m in Sources */,
				801C7ACA26DA710200929876 /* SDAnimatedImage.m in Sources */,
				801C7AF726DA710200929876 /* UIView+WebCache.m in Sources */,
				801C7AC226DA710200929876 /* NSImage+Compatibility.m in Sources */,
				801C79D626DA2A0E00929876 /* AppDelegate.m in Sources */,
				801C7AEC26DA710200929876 /* SDImageTransformer.m in Sources */,
				801C7ADE26DA710200929876 /* SDImageCoderHelper.m in Sources */,
				801C7AE726DA710200929876 /* SDImageFrame.m in Sources */,
				801C79E726DA2A0F00929876 /* main.m in Sources */,
				801C7AD326DA710200929876 /* SDWebImageIndicator.m in Sources */,
				801C79D926DA2A0E00929876 /* SceneDelegate.m in Sources */,
				801C7ADA26DA710200929876 /* SDImageAPNGCoder.m in Sources */,
				801C7B0026DA710200929876 /* SDInternalMacros.m in Sources */,
				801C7AED26DA710200929876 /* NSData+ImageContentType.m in Sources */,
				801C7AF526DA710200929876 /* SDWebImageOptionsProcessor.m in Sources */,
				801C7AD226DA710200929876 /* SDWebImageCacheSerializer.m in Sources */,
				801C7AF626DA710200929876 /* UIView+WebCacheOperation.m in Sources */,
				801C7B0426DA710200929876 /* SDAsyncBlockOperation.m in Sources */,
				801C7AE826DA710200929876 /* SDWebImageDownloaderOperation.m in Sources */,
				801C7AD126DA710200929876 /* SDImageLoader.m in Sources */,
				801C7AD926DA710200929876 /* SDWebImageCompat.m in Sources */,
				801C7AE526DA710200929876 /* SDImageCache.m in Sources */,
				801C79F226DA2A4500929876 /* BrowseImageViewController.m in Sources */,
				801C7AF126DA710200929876 /* UIImage+MemoryCacheCost.m in Sources */,
				801C7B0326DA710200929876 /* SDDisplayLink.m in Sources */,
				801C7AC526DA710200929876 /* SDWebImageOperation.m in Sources */,
			);
			runOnlyForDeploymentPostprocessing = 0;
		};
/* End PBXSourcesBuildPhase section */

/* Begin PBXVariantGroup section */
		801C79DD26DA2A0E00929876 /* Main.storyboard */ = {
			isa = PBXVariantGroup;
			children = (
				801C79DE26DA2A0E00929876 /* Base */,
			);
			name = Main.storyboard;
			sourceTree = "<group>";
		};
		801C79E226DA2A0F00929876 /* LaunchScreen.storyboard */ = {
			isa = PBXVariantGroup;
			children = (
				801C79E326DA2A0F00929876 /* Base */,
			);
			name = LaunchScreen.storyboard;
			sourceTree = "<group>";
		};
/* End PBXVariantGroup section */

/* Begin XCBuildConfiguration section */
		801C79E826DA2A0F00929876 /* Debug */ = {
			isa = XCBuildConfiguration;
			buildSettings = {
				ALWAYS_SEARCH_USER_PATHS = NO;
				CLANG_ANALYZER_NONNULL = YES;
				CLANG_ANALYZER_NUMBER_OBJECT_CONVERSION = YES_AGGRESSIVE;
				CLANG_CXX_LANGUAGE_STANDARD = "gnu++14";
				CLANG_CXX_LIBRARY = "libc++";
				CLANG_ENABLE_MODULES = YES;
				CLANG_ENABLE_OBJC_ARC = YES;
				CLANG_ENABLE_OBJC_WEAK = YES;
				CLANG_WARN_BLOCK_CAPTURE_AUTORELEASING = YES;
				CLANG_WARN_BOOL_CONVERSION = YES;
				CLANG_WARN_COMMA = YES;
				CLANG_WARN_CONSTANT_CONVERSION = YES;
				CLANG_WARN_DEPRECATED_OBJC_IMPLEMENTATIONS = YES;
				CLANG_WARN_DIRECT_OBJC_ISA_USAGE = YES_ERROR;
				CLANG_WARN_DOCUMENTATION_COMMENTS = YES;
				CLANG_WARN_EMPTY_BODY = YES;
				CLANG_WARN_ENUM_CONVERSION = YES;
				CLANG_WARN_INFINITE_RECURSION = YES;
				CLANG_WARN_INT_CONVERSION = YES;
				CLANG_WARN_NON_LITERAL_NULL_CONVERSION = YES;
				CLANG_WARN_OBJC_IMPLICIT_RETAIN_SELF = YES;
				CLANG_WARN_OBJC_LITERAL_CONVERSION = YES;
				CLANG_WARN_OBJC_ROOT_CLASS = YES_ERROR;
				CLANG_WARN_QUOTED_INCLUDE_IN_FRAMEWORK_HEADER = YES;
				CLANG_WARN_RANGE_LOOP_ANALYSIS = YES;
				CLANG_WARN_STRICT_PROTOTYPES = YES;
				CLANG_WARN_SUSPICIOUS_MOVE = YES;
				CLANG_WARN_UNGUARDED_AVAILABILITY = YES_AGGRESSIVE;
				CLANG_WARN_UNREACHABLE_CODE = YES;
				CLANG_WARN__DUPLICATE_METHOD_MATCH = YES;
				COPY_PHASE_STRIP = NO;
				DEBUG_INFORMATION_FORMAT = dwarf;
				ENABLE_STRICT_OBJC_MSGSEND = YES;
				ENABLE_TESTABILITY = YES;
				GCC_C_LANGUAGE_STANDARD = gnu11;
				GCC_DYNAMIC_NO_PIC = NO;
				GCC_NO_COMMON_BLOCKS = YES;
				GCC_OPTIMIZATION_LEVEL = 0;
				GCC_PREPROCESSOR_DEFINITIONS = (
					"DEBUG=1",
					"$(inherited)",
				);
				GCC_WARN_64_TO_32_BIT_CONVERSION = YES;
				GCC_WARN_ABOUT_RETURN_TYPE = YES_ERROR;
				GCC_WARN_UNDECLARED_SELECTOR = YES;
				GCC_WARN_UNINITIALIZED_AUTOS = YES_AGGRESSIVE;
				GCC_WARN_UNUSED_FUNCTION = YES;
				GCC_WARN_UNUSED_VARIABLE = YES;
				IPHONEOS_DEPLOYMENT_TARGET = 14.5;
				MTL_ENABLE_DEBUG_INFO = INCLUDE_SOURCE;
				MTL_FAST_MATH = YES;
				ONLY_ACTIVE_ARCH = YES;
				SDKROOT = iphoneos;
			};
			name = Debug;
		};
		801C79E926DA2A0F00929876 /* Release */ = {
			isa = XCBuildConfiguration;
			buildSettings = {
				ALWAYS_SEARCH_USER_PATHS = NO;
				CLANG_ANALYZER_NONNULL = YES;
				CLANG_ANALYZER_NUMBER_OBJECT_CONVERSION = YES_AGGRESSIVE;
				CLANG_CXX_LANGUAGE_STANDARD = "gnu++14";
				CLANG_CXX_LIBRARY = "libc++";
				CLANG_ENABLE_MODULES = YES;
				CLANG_ENABLE_OBJC_ARC = YES;
				CLANG_ENABLE_OBJC_WEAK = YES;
				CLANG_WARN_BLOCK_CAPTURE_AUTORELEASING = YES;
				CLANG_WARN_BOOL_CONVERSION = YES;
				CLANG_WARN_COMMA = YES;
				CLANG_WARN_CONSTANT_CONVERSION = YES;
				CLANG_WARN_DEPRECATED_OBJC_IMPLEMENTATIONS = YES;
				CLANG_WARN_DIRECT_OBJC_ISA_USAGE = YES_ERROR;
				CLANG_WARN_DOCUMENTATION_COMMENTS = YES;
				CLANG_WARN_EMPTY_BODY = YES;
				CLANG_WARN_ENUM_CONVERSION = YES;
				CLANG_WARN_INFINITE_RECURSION = YES;
				CLANG_WARN_INT_CONVERSION = YES;
				CLANG_WARN_NON_LITERAL_NULL_CONVERSION = YES;
				CLANG_WARN_OBJC_IMPLICIT_RETAIN_SELF = YES;
				CLANG_WARN_OBJC_LITERAL_CONVERSION = YES;
				CLANG_WARN_OBJC_ROOT_CLASS = YES_ERROR;
				CLANG_WARN_QUOTED_INCLUDE_IN_FRAMEWORK_HEADER = YES;
				CLANG_WARN_RANGE_LOOP_ANALYSIS = YES;
				CLANG_WARN_STRICT_PROTOTYPES = YES;
				CLANG_WARN_SUSPICIOUS_MOVE = YES;
				CLANG_WARN_UNGUARDED_AVAILABILITY = YES_AGGRESSIVE;
				CLANG_WARN_UNREACHABLE_CODE = YES;
				CLANG_WARN__DUPLICATE_METHOD_MATCH = YES;
				COPY_PHASE_STRIP = NO;
				DEBUG_INFORMATION_FORMAT = "dwarf-with-dsym";
				ENABLE_NS_ASSERTIONS = NO;
				ENABLE_STRICT_OBJC_MSGSEND = YES;
				GCC_C_LANGUAGE_STANDARD = gnu11;
				GCC_NO_COMMON_BLOCKS = YES;
				GCC_WARN_64_TO_32_BIT_CONVERSION = YES;
				GCC_WARN_ABOUT_RETURN_TYPE = YES_ERROR;
				GCC_WARN_UNDECLARED_SELECTOR = YES;
				GCC_WARN_UNINITIALIZED_AUTOS = YES_AGGRESSIVE;
				GCC_WARN_UNUSED_FUNCTION = YES;
				GCC_WARN_UNUSED_VARIABLE = YES;
				IPHONEOS_DEPLOYMENT_TARGET = 14.5;
				MTL_ENABLE_DEBUG_INFO = NO;
				MTL_FAST_MATH = YES;
				SDKROOT = iphoneos;
				VALIDATE_PRODUCT = YES;
			};
			name = Release;
		};
		801C79EB26DA2A0F00929876 /* Debug */ = {
			isa = XCBuildConfiguration;
			buildSettings = {
				ASSETCATALOG_COMPILER_APPICON_NAME = AppIcon;
				ASSETCATALOG_COMPILER_GLOBAL_ACCENT_COLOR_NAME = AccentColor;
				CODE_SIGN_STYLE = Automatic;
				INFOPLIST_FILE = imagesBrowse/Info.plist;
				LD_RUNPATH_SEARCH_PATHS = (
					"$(inherited)",
					"@executable_path/Frameworks",
				);
				PRODUCT_BUNDLE_IDENTIFIER = com.luodenglin.imagesBrowse;
				PRODUCT_NAME = "$(TARGET_NAME)";
				TARGETED_DEVICE_FAMILY = "1,2";
			};
			name = Debug;
		};
		801C79EC26DA2A0F00929876 /* Release */ = {
			isa = XCBuildConfiguration;
			buildSettings = {
				ASSETCATALOG_COMPILER_APPICON_NAME = AppIcon;
				ASSETCATALOG_COMPILER_GLOBAL_ACCENT_COLOR_NAME = AccentColor;
				CODE_SIGN_STYLE = Automatic;
				INFOPLIST_FILE = imagesBrowse/Info.plist;
				LD_RUNPATH_SEARCH_PATHS = (
					"$(inherited)",
					"@executable_path/Frameworks",
				);
				PRODUCT_BUNDLE_IDENTIFIER = com.luodenglin.imagesBrowse;
				PRODUCT_NAME = "$(TARGET_NAME)";
				TARGETED_DEVICE_FAMILY = "1,2";
			};
			name = Release;
		};
/* End XCBuildConfiguration section */

/* Begin XCConfigurationList section */
		801C79CC26DA2A0E00929876 /* Build configuration list for PBXProject "imagesBrowse" */ = {
			isa = XCConfigurationList;
			buildConfigurations = (
				801C79E826DA2A0F00929876 /* Debug */,
				801C79E926DA2A0F00929876 /* Release */,
			);
			defaultConfigurationIsVisible = 0;
			defaultConfigurationName = Release;
		};
		801C79EA26DA2A0F00929876 /* Build configuration list for PBXNativeTarget "imagesBrowse" */ = {
			isa = XCConfigurationList;
			buildConfigurations = (
				801C79EB26DA2A0F00929876 /* Debug */,
				801C79EC26DA2A0F00929876 /* Release */,
			);
			defaultConfigurationIsVisible = 0;
			defaultConfigurationName = Release;
		};
/* End XCConfigurationList section */
	};
	rootObject = 801C79C926DA2A0E00929876 /* Project object */;
}
